github.com/truyvietnam/windigo v0.0.0-20240825035830-42d4af970fcb h1:djoY1GPO8YHKZ9g2uFvypx4YB//Z8uXFrCkxKxl3E5c=
github.com/truyvietnam/windigo v0.0.0-20240825035830-42d4af970fcb/go.mod h1:Vw0QLpSedVsbAFWYIVE/Zb1pa6XPIgwIMTUQQoUG8Wo=
golang.org/x/sys v0.24.0 h1:Twjiwq9dn6R1fQcyiK+wQyHWfaz/BJB+YIpzU/Cv3Xg=
golang.org/x/sys v0.24.0/go.mod h1:/VUhepiaJMQUp4+oa/7Zr1D23ma6VTLIYjOOTFZPUcA=
